
Microsoft Visual Studio Solution File, Format Version 12.00
# Visual Studio 15
VisualStudioVersion = 15.0.27130.2027
MinimumVisualStudioVersion = 10.0.40219.1
Project("{8BC9CEB8-8B4A-11D0-8D11-00A0C91BC942}") = "TwoAC", "TwoAC\TwoAC.vcxproj", "{4B479AA2-2F35-40D4-8EB2-955FA535A906}"
EndProject
Global
	GlobalSection(SolutionConfigurationPlatforms) = preSolution
		Debug|x64 = Debug|x64
		Debug|x86 = Debug|x86
		Release|x64 = Release|x64
		Release|x86 = Release|x86
	EndGlobalSection
	GlobalSection(ProjectConfigurationPlatforms) = postSolution
		{4B479AA2-2F35-40D4-8EB2-955FA535A906}.Debug|x64.ActiveCfg = Debug|x64
		{4B479AA2-2F35-40D4-8EB2-955FA535A906}.Debug|x64.Build.0 = Debug|x64
		{4B479AA2-2F35-40D4-8EB2-955FA535A906}.Debug|x86.ActiveCfg = Debug|Win32
		{4B479AA2-2F35-40D4-8EB2-955FA535A906}.Debug|x86.Build.0 = Debug|Win32
		{4B479AA2-2F35-40D4-8EB2-955FA535A906}.Release|x64.ActiveCfg = Release|x64
		{4B479AA2-2F35-40D4-8EB2-955FA535A906}.Release|x64.Build.0 = Release|x64
		{4B479AA2-2F35-40D4-8EB2-955FA535A906}.Release|x86.ActiveCfg = Release|Win32
		{4B479AA2-2F35-40D4-8EB2-955FA535A906}.Release|x86.Build.0 = Release|Win32
	EndGlobalSection
	GlobalSection(SolutionProperties) = preSolution
		HideSolutionNode = FALSE
	EndGlobalSection
	GlobalSection(ExtensibilityGlobals) = postSolution
		SolutionGuid = {CA3C3854-E724-4B7D-9B27-9FCF1594CD79}
	EndGlobalSection
EndGlobal
