<?xml version="1.0" encoding="utf-8"?>
<Project ToolsVersion="4.0" xmlns="http://schemas.microsoft.com/developer/msbuild/2003">
  <ItemGroup>
    <Filter Include="Source Files">
      <UniqueIdentifier>{4FC737F1-C7A5-4376-A066-2A32D752A2FF}</UniqueIdentifier>
      <Extensions>cpp;c;cc;cxx;def;odl;idl;hpj;bat;asm;asmx</Extensions>
    </Filter>
    <Filter Include="Header Files">
      <UniqueIdentifier>{93995380-89BD-4b04-88EB-625FBE52EBFB}</UniqueIdentifier>
      <Extensions>h;hh;hpp;hxx;hm;inl;inc;xsd</Extensions>
    </Filter>
    <Filter Include="third_party">
      <UniqueIdentifier>{8f3a05c9-983c-4d49-ba64-3612ce86431a}</UniqueIdentifier>
    </Filter>
    <Filter Include="third_party\theia">
      <UniqueIdentifier>{ec42a90b-ab2e-4ee9-b63e-b298e09665f6}</UniqueIdentifier>
    </Filter>
    <Filter Include="third_party\theia\solvers">
      <UniqueIdentifier>{92ca1f94-2a07-4610-b254-32d2962e1d01}</UniqueIdentifier>
    </Filter>
    <Filter Include="third_party\theia\math">
      <UniqueIdentifier>{d8a00314-df9c-452f-a1b2-bd4b825eff88}</UniqueIdentifier>
    </Filter>
    <Filter Include="third_party\theia\utils">
      <UniqueIdentifier>{d4796760-eef9-4a68-9f34-f975b2137612}</UniqueIdentifier>
    </Filter>
    <Filter Include="Header Files\math">
      <UniqueIdentifier>{c3d9a99f-7c01-409b-8648-b677a3f4e4cd}</UniqueIdentifier>
    </Filter>
    <Filter Include="Header Files\solvers">
      <UniqueIdentifier>{0ba5a6e9-4b8c-499e-93a5-be904cfdbbc1}</UniqueIdentifier>
    </Filter>
  </ItemGroup>
  <ItemGroup>
    <ClInclude Include="regions.h">
      <Filter>Header Files</Filter>
    </ClInclude>
    <ClInclude Include="camera.h">
      <Filter>Header Files</Filter>
    </ClInclude>
    <ClInclude Include="theia_wrapper.h">
      <Filter>Header Files</Filter>
    </ClInclude>
    <ClInclude Include="solver_essential_five_point.h">
      <Filter>Header Files\solvers</Filter>
    </ClInclude>
    <ClInclude Include="solver_essential_two_ac.h">
      <Filter>Header Files\solvers</Filter>
    </ClInclude>
    <ClInclude Include="Dual_Number.h">
      <Filter>Header Files\math</Filter>
    </ClInclude>
    <ClInclude Include="numeric.h">
      <Filter>Header Files\math</Filter>
    </ClInclude>
    <ClInclude Include="types.h">
      <Filter>Header Files\math</Filter>
    </ClInclude>
  </ItemGroup>
  <ItemGroup>
    <ClCompile Include="numeric.cpp">
      <Filter>Source Files</Filter>
    </ClCompile>
    <ClCompile Include="solver_essential_five_point.cpp">
      <Filter>Source Files</Filter>
    </ClCompile>
    <ClCompile Include="..\third_party\theia\theia\math\probability\sequential_probability_ratio.cc">
      <Filter>third_party\theia\math</Filter>
    </ClCompile>
    <ClCompile Include="..\third_party\theia\theia\util\random.cc">
      <Filter>third_party\theia\utils</Filter>
    </ClCompile>
    <ClCompile Include="camera.cpp">
      <Filter>Source Files</Filter>
    </ClCompile>
    <ClCompile Include="regions.cpp">
      <Filter>Source Files</Filter>
    </ClCompile>
    <ClCompile Include="main.cpp" />
  </ItemGroup>
</Project>